// !$*UTF8*$!
{
	archiveVersion = 1;
	classes = {
	};
	objectVersion = 55;
	objects = {

/* Begin PBXBuildFile section */
		175DFC273C4506FFBCDE0EC5 /* Pods_GongSa.framework in Frameworks */ = {isa = PBXBuildFile; fileRef = 90841B8A412AE1A3EBC534E3 /* Pods_GongSa.framework */; };
		6D40B11928963EEB00ABD92A /* AppDelegate.swift in Sources */ = {isa = PBXBuildFile; fileRef = 6D40B11828963EEB00ABD92A /* AppDelegate.swift */; };
		6D40B11B28963EEB00ABD92A /* SceneDelegate.swift in Sources */ = {isa = PBXBuildFile; fileRef = 6D40B11A28963EEB00ABD92A /* SceneDelegate.swift */; };
		6D40B12228963EEC00ABD92A /* Assets.xcassets in Resources */ = {isa = PBXBuildFile; fileRef = 6D40B12128963EEC00ABD92A /* Assets.xcassets */; };
		6D40B12528963EEC00ABD92A /* LaunchScreen.storyboard in Resources */ = {isa = PBXBuildFile; fileRef = 6D40B12328963EEC00ABD92A /* LaunchScreen.storyboard */; };
		6D52D6672896563600B1A73F /* SearchGroupViewController.swift in Sources */ = {isa = PBXBuildFile; fileRef = 6D52D6662896563600B1A73F /* SearchGroupViewController.swift */; };
		6D52D6692896564000B1A73F /* ProfileViewController.swift in Sources */ = {isa = PBXBuildFile; fileRef = 6D52D6682896564000B1A73F /* ProfileViewController.swift */; };
		6D52D66C289656AF00B1A73F /* GroupListViewController.swift in Sources */ = {isa = PBXBuildFile; fileRef = 6D52D66B289656AF00B1A73F /* GroupListViewController.swift */; };
		6D52D66E2896571600B1A73F /* CreateGroupViewController.swift in Sources */ = {isa = PBXBuildFile; fileRef = 6D52D66D2896571600B1A73F /* CreateGroupViewController.swift */; };
		6D52D6782896610100B1A73F /* .swiftlint.yml in Resources */ = {isa = PBXBuildFile; fileRef = 6D52D6772896610100B1A73F /* .swiftlint.yml */; };
		6DD7488528964C270000B288 /* LoginViewController.swift in Sources */ = {isa = PBXBuildFile; fileRef = 6DD7488428964C270000B288 /* LoginViewController.swift */; };
		6DD7488728964C8A0000B288 /* RegistrationViewController.swift in Sources */ = {isa = PBXBuildFile; fileRef = 6DD7488628964C8A0000B288 /* RegistrationViewController.swift */; };
		6DD7488928964C960000B288 /* MainTabViewController.swift in Sources */ = {isa = PBXBuildFile; fileRef = 6DD7488828964C960000B288 /* MainTabViewController.swift */; };
/* End PBXBuildFile section */

/* Begin PBXFileReference section */
		6D40B11528963EEB00ABD92A /* GongSa.app */ = {isa = PBXFileReference; explicitFileType = wrapper.application; includeInIndex = 0; path = GongSa.app; sourceTree = BUILT_PRODUCTS_DIR; };
		6D40B11828963EEB00ABD92A /* AppDelegate.swift */ = {isa = PBXFileReference; lastKnownFileType = sourcecode.swift; path = AppDelegate.swift; sourceTree = "<group>"; };
		6D40B11A28963EEB00ABD92A /* SceneDelegate.swift */ = {isa = PBXFileReference; lastKnownFileType = sourcecode.swift; path = SceneDelegate.swift; sourceTree = "<group>"; };
		6D40B12128963EEC00ABD92A /* Assets.xcassets */ = {isa = PBXFileReference; lastKnownFileType = folder.assetcatalog; path = Assets.xcassets; sourceTree = "<group>"; };
		6D40B12428963EEC00ABD92A /* Base */ = {isa = PBXFileReference; lastKnownFileType = file.storyboard; name = Base; path = Base.lproj/LaunchScreen.storyboard; sourceTree = "<group>"; };
		6D40B12628963EEC00ABD92A /* Info.plist */ = {isa = PBXFileReference; lastKnownFileType = text.plist.xml; path = Info.plist; sourceTree = "<group>"; };
		6D52D6662896563600B1A73F /* SearchGroupViewController.swift */ = {isa = PBXFileReference; lastKnownFileType = sourcecode.swift; path = SearchGroupViewController.swift; sourceTree = "<group>"; };
		6D52D6682896564000B1A73F /* ProfileViewController.swift */ = {isa = PBXFileReference; lastKnownFileType = sourcecode.swift; path = ProfileViewController.swift; sourceTree = "<group>"; };
		6D52D66B289656AF00B1A73F /* GroupListViewController.swift */ = {isa = PBXFileReference; lastKnownFileType = sourcecode.swift; path = GroupListViewController.swift; sourceTree = "<group>"; };
		6D52D66D2896571600B1A73F /* CreateGroupViewController.swift */ = {isa = PBXFileReference; lastKnownFileType = sourcecode.swift; path = CreateGroupViewController.swift; sourceTree = "<group>"; };
		6D52D6772896610100B1A73F /* .swiftlint.yml */ = {isa = PBXFileReference; lastKnownFileType = text.yaml; path = .swiftlint.yml; sourceTree = "<group>"; };
		6DD7488428964C270000B288 /* LoginViewController.swift */ = {isa = PBXFileReference; lastKnownFileType = sourcecode.swift; path = LoginViewController.swift; sourceTree = "<group>"; };
		6DD7488628964C8A0000B288 /* RegistrationViewController.swift */ = {isa = PBXFileReference; lastKnownFileType = sourcecode.swift; path = RegistrationViewController.swift; sourceTree = "<group>"; };
		6DD7488828964C960000B288 /* MainTabViewController.swift */ = {isa = PBXFileReference; lastKnownFileType = sourcecode.swift; path = MainTabViewController.swift; sourceTree = "<group>"; };
		90841B8A412AE1A3EBC534E3 /* Pods_GongSa.framework */ = {isa = PBXFileReference; explicitFileType = wrapper.framework; includeInIndex = 0; path = Pods_GongSa.framework; sourceTree = BUILT_PRODUCTS_DIR; };
		A323E5C3E7E90D5C4B9BD7FA /* Pods-GongSa.debug.xcconfig */ = {isa = PBXFileReference; includeInIndex = 1; lastKnownFileType = text.xcconfig; name = "Pods-GongSa.debug.xcconfig"; path = "Target Support Files/Pods-GongSa/Pods-GongSa.debug.xcconfig"; sourceTree = "<group>"; };
		FED96C56EAED649AAB93A43C /* Pods-GongSa.release.xcconfig */ = {isa = PBXFileReference; includeInIndex = 1; lastKnownFileType = text.xcconfig; name = "Pods-GongSa.release.xcconfig"; path = "Target Support Files/Pods-GongSa/Pods-GongSa.release.xcconfig"; sourceTree = "<group>"; };
/* End PBXFileReference section */

/* Begin PBXFrameworksBuildPhase section */
		6D40B11228963EEB00ABD92A /* Frameworks */ = {
			isa = PBXFrameworksBuildPhase;
			buildActionMask = 2147483647;
			files = (
				175DFC273C4506FFBCDE0EC5 /* Pods_GongSa.framework in Frameworks */,
			);
			runOnlyForDeploymentPostprocessing = 0;
		};
/* End PBXFrameworksBuildPhase section */

/* Begin PBXGroup section */
		1EF5305BD8E0E023A94AB703 /* Frameworks */ = {
			isa = PBXGroup;
			children = (
				90841B8A412AE1A3EBC534E3 /* Pods_GongSa.framework */,
			);
			name = Frameworks;
			sourceTree = "<group>";
		};
		6D40B10C28963EEB00ABD92A = {
			isa = PBXGroup;
			children = (
				6D52D6772896610100B1A73F /* .swiftlint.yml */,
				6D40B11728963EEB00ABD92A /* GongSa */,
				6D40B11628963EEB00ABD92A /* Products */,
				7702A71427ABB8D2E99F7556 /* Pods */,
				1EF5305BD8E0E023A94AB703 /* Frameworks */,
			);
			sourceTree = "<group>";
		};
		6D40B11628963EEB00ABD92A /* Products */ = {
			isa = PBXGroup;
			children = (
				6D40B11528963EEB00ABD92A /* GongSa.app */,
			);
			name = Products;
			sourceTree = "<group>";
		};
		6D40B11728963EEB00ABD92A /* GongSa */ = {
			isa = PBXGroup;
			children = (
				6D52D6632896556900B1A73F /* Utils */,
				6D40B1302896402000ABD92A /* Services */,
				6D40B12F2896401A00ABD92A /* Controllers */,
				6D40B12E2896401600ABD92A /* Models */,
				6D40B12D2896401300ABD92A /* Views */,
				6D40B12C2896400E00ABD92A /* ViewModels */,
				6D40B11828963EEB00ABD92A /* AppDelegate.swift */,
				6D40B11A28963EEB00ABD92A /* SceneDelegate.swift */,
				6D40B12128963EEC00ABD92A /* Assets.xcassets */,
				6D40B12328963EEC00ABD92A /* LaunchScreen.storyboard */,
				6D40B12628963EEC00ABD92A /* Info.plist */,
			);
			path = GongSa;
			sourceTree = "<group>";
		};
		6D40B12C2896400E00ABD92A /* ViewModels */ = {
			isa = PBXGroup;
			children = (
			);
			path = ViewModels;
			sourceTree = "<group>";
		};
		6D40B12D2896401300ABD92A /* Views */ = {
			isa = PBXGroup;
			children = (
			);
			path = Views;
			sourceTree = "<group>";
		};
		6D40B12E2896401600ABD92A /* Models */ = {
			isa = PBXGroup;
			children = (
			);
			path = Models;
			sourceTree = "<group>";
		};
		6D40B12F2896401A00ABD92A /* Controllers */ = {
			isa = PBXGroup;
			children = (
				6D52D67328965C0C00B1A73F /* Authentication */,
				6DD7488828964C960000B288 /* MainTabViewController.swift */,
				6D52D6662896563600B1A73F /* SearchGroupViewController.swift */,
				6D52D66B289656AF00B1A73F /* GroupListViewController.swift */,
				6D52D6682896564000B1A73F /* ProfileViewController.swift */,
				6D52D66D2896571600B1A73F /* CreateGroupViewController.swift */,
			);
			path = Controllers;
			sourceTree = "<group>";
		};
		6D40B1302896402000ABD92A /* Services */ = {
			isa = PBXGroup;
			children = (
			);
			path = Services;
			sourceTree = "<group>";
		};
		6D52D6632896556900B1A73F /* Utils */ = {
			isa = PBXGroup;
			children = (
			);
			path = Utils;
			sourceTree = "<group>";
		};
		6D52D67328965C0C00B1A73F /* Authentication */ = {
			isa = PBXGroup;
			children = (
				6DD7488428964C270000B288 /* LoginViewController.swift */,
				6DD7488628964C8A0000B288 /* RegistrationViewController.swift */,
			);
			path = Authentication;
			sourceTree = "<group>";
		};
		7702A71427ABB8D2E99F7556 /* Pods */ = {
			isa = PBXGroup;
			children = (
				A323E5C3E7E90D5C4B9BD7FA /* Pods-GongSa.debug.xcconfig */,
				FED96C56EAED649AAB93A43C /* Pods-GongSa.release.xcconfig */,
			);
			path = Pods;
			sourceTree = "<group>";
		};
/* End PBXGroup section */

/* Begin PBXNativeTarget section */
		6D40B11428963EEB00ABD92A /* GongSa */ = {
			isa = PBXNativeTarget;
			buildConfigurationList = 6D40B12928963EEC00ABD92A /* Build configuration list for PBXNativeTarget "GongSa" */;
			buildPhases = (
				A1521384B32478613B84680F /* [CP] Check Pods Manifest.lock */,
				6D40B11128963EEB00ABD92A /* Sources */,
				6D40B11228963EEB00ABD92A /* Frameworks */,
				6D40B11328963EEB00ABD92A /* Resources */,
				4AD092EEB1AF591101185F07 /* [CP] Embed Pods Frameworks */,
				6D52D6792896610C00B1A73F /* ShellScript */,
			);
			buildRules = (
			);
			dependencies = (
			);
			name = GongSa;
			productName = GongSa;
			productReference = 6D40B11528963EEB00ABD92A /* GongSa.app */;
			productType = "com.apple.product-type.application";
		};
/* End PBXNativeTarget section */

/* Begin PBXProject section */
		6D40B10D28963EEB00ABD92A /* Project object */ = {
			isa = PBXProject;
			attributes = {
				BuildIndependentTargetsInParallel = 1;
				LastSwiftUpdateCheck = 1340;
				LastUpgradeCheck = 1340;
				TargetAttributes = {
					6D40B11428963EEB00ABD92A = {
						CreatedOnToolsVersion = 13.4.1;
					};
				};
			};
			buildConfigurationList = 6D40B11028963EEB00ABD92A /* Build configuration list for PBXProject "GongSa" */;
			compatibilityVersion = "Xcode 13.0";
			developmentRegion = en;
			hasScannedForEncodings = 0;
			knownRegions = (
				en,
				Base,
			);
			mainGroup = 6D40B10C28963EEB00ABD92A;
			productRefGroup = 6D40B11628963EEB00ABD92A /* Products */;
			projectDirPath = "";
			projectRoot = "";
			targets = (
				6D40B11428963EEB00ABD92A /* GongSa */,
			);
		};
/* End PBXProject section */

/* Begin PBXResourcesBuildPhase section */
		6D40B11328963EEB00ABD92A /* Resources */ = {
			isa = PBXResourcesBuildPhase;
			buildActionMask = 2147483647;
			files = (
				6D52D6782896610100B1A73F /* .swiftlint.yml in Resources */,
				6D40B12528963EEC00ABD92A /* LaunchScreen.storyboard in Resources */,
				6D40B12228963EEC00ABD92A /* Assets.xcassets in Resources */,
			);
			runOnlyForDeploymentPostprocessing = 0;
		};
/* End PBXResourcesBuildPhase section */

/* Begin PBXShellScriptBuildPhase section */
		4AD092EEB1AF591101185F07 /* [CP] Embed Pods Frameworks */ = {
			isa = PBXShellScriptBuildPhase;
			buildActionMask = 2147483647;
			files = (
			);
			inputFileListPaths = (
				"${PODS_ROOT}/Target Support Files/Pods-GongSa/Pods-GongSa-frameworks-${CONFIGURATION}-input-files.xcfilelist",
			);
			name = "[CP] Embed Pods Frameworks";
			outputFileListPaths = (
				"${PODS_ROOT}/Target Support Files/Pods-GongSa/Pods-GongSa-frameworks-${CONFIGURATION}-output-files.xcfilelist",
			);
			runOnlyForDeploymentPostprocessing = 0;
			shellPath = /bin/sh;
			shellScript = "\"${PODS_ROOT}/Target Support Files/Pods-GongSa/Pods-GongSa-frameworks.sh\"\n";
			showEnvVarsInLog = 0;
		};
		6D52D6792896610C00B1A73F /* ShellScript */ = {
			isa = PBXShellScriptBuildPhase;
			buildActionMask = 2147483647;
			files = (
			);
			inputFileListPaths = (
			);
			inputPaths = (
			);
			outputFileListPaths = (
			);
			outputPaths = (
			);
			runOnlyForDeploymentPostprocessing = 0;
			shellPath = /bin/sh;
			shellScript = "${PODS_ROOT}/SwiftLint/swiftlint autocorrect\n";
		};
		A1521384B32478613B84680F /* [CP] Check Pods Manifest.lock */ = {
			isa = PBXShellScriptBuildPhase;
			buildActionMask = 2147483647;
			files = (
			);
			inputFileListPaths = (
			);
			inputPaths = (
				"${PODS_PODFILE_DIR_PATH}/Podfile.lock",
				"${PODS_ROOT}/Manifest.lock",
			);
			name = "[CP] Check Pods Manifest.lock";
			outputFileListPaths = (
			);
			outputPaths = (
				"$(DERIVED_FILE_DIR)/Pods-GongSa-checkManifestLockResult.txt",
			);
			runOnlyForDeploymentPostprocessing = 0;
			shellPath = /bin/sh;
			shellScript = "diff \"${PODS_PODFILE_DIR_PATH}/Podfile.lock\" \"${PODS_ROOT}/Manifest.lock\" > /dev/null\nif [ $? != 0 ] ; then\n    # print error to STDERR\n    echo \"error: The sandbox is not in sync with the Podfile.lock. Run 'pod install' or update your CocoaPods installation.\" >&2\n    exit 1\nfi\n# This output is used by Xcode 'outputs' to avoid re-running this script phase.\necho \"SUCCESS\" > \"${SCRIPT_OUTPUT_FILE_0}\"\n";
			showEnvVarsInLog = 0;
		};
/* End PBXShellScriptBuildPhase section */

/* Begin PBXSourcesBuildPhase section */
		6D40B11128963EEB00ABD92A /* Sources */ = {
			isa = PBXSourcesBuildPhase;
			buildActionMask = 2147483647;
			files = (
				6D52D66C289656AF00B1A73F /* GroupListViewController.swift in Sources */,
				6D52D6672896563600B1A73F /* SearchGroupViewController.swift in Sources */,
				6DD7488928964C960000B288 /* MainTabViewController.swift in Sources */,
				6DD7488528964C270000B288 /* LoginViewController.swift in Sources */,
				6D40B11928963EEB00ABD92A /* AppDelegate.swift in Sources */,
				6D52D66E2896571600B1A73F /* CreateGroupViewController.swift in Sources */,
				6D52D6692896564000B1A73F /* ProfileViewController.swift in Sources */,
				6DD7488728964C8A0000B288 /* RegistrationViewController.swift in Sources */,
				6D40B11B28963EEB00ABD92A /* SceneDelegate.swift in Sources */,
			);
			runOnlyForDeploymentPostprocessing = 0;
		};
/* End PBXSourcesBuildPhase section */

/* Begin PBXVariantGroup section */
		6D40B12328963EEC00ABD92A /* LaunchScreen.storyboard */ = {
			isa = PBXVariantGroup;
			children = (
				6D40B12428963EEC00ABD92A /* Base */,
			);
			name = LaunchScreen.storyboard;
			sourceTree = "<group>";
		};
/* End PBXVariantGroup section */

/* Begin XCBuildConfiguration section */
		6D40B12728963EEC00ABD92A /* Debug */ = {
			isa = XCBuildConfiguration;
			buildSettings = {
				ALWAYS_SEARCH_USER_PATHS = NO;
				CLANG_ANALYZER_NONNULL = YES;
				CLANG_ANALYZER_NUMBER_OBJECT_CONVERSION = YES_AGGRESSIVE;
				CLANG_CXX_LANGUAGE_STANDARD = "gnu++17";
				CLANG_ENABLE_MODULES = YES;
				CLANG_ENABLE_OBJC_ARC = YES;
				CLANG_ENABLE_OBJC_WEAK = YES;
				CLANG_WARN_BLOCK_CAPTURE_AUTORELEASING = YES;
				CLANG_WARN_BOOL_CONVERSION = YES;
				CLANG_WARN_COMMA = YES;
				CLANG_WARN_CONSTANT_CONVERSION = YES;
				CLANG_WARN_DEPRECATED_OBJC_IMPLEMENTATIONS = YES;
				CLANG_WARN_DIRECT_OBJC_ISA_USAGE = YES_ERROR;
				CLANG_WARN_DOCUMENTATION_COMMENTS = YES;
				CLANG_WARN_EMPTY_BODY = YES;
				CLANG_WARN_ENUM_CONVERSION = YES;
				CLANG_WARN_INFINITE_RECURSION = YES;
				CLANG_WARN_INT_CONVERSION = YES;
				CLANG_WARN_NON_LITERAL_NULL_CONVERSION = YES;
				CLANG_WARN_OBJC_IMPLICIT_RETAIN_SELF = YES;
				CLANG_WARN_OBJC_LITERAL_CONVERSION = YES;
				CLANG_WARN_OBJC_ROOT_CLASS = YES_ERROR;
				CLANG_WARN_QUOTED_INCLUDE_IN_FRAMEWORK_HEADER = YES;
				CLANG_WARN_RANGE_LOOP_ANALYSIS = YES;
				CLANG_WARN_STRICT_PROTOTYPES = YES;
				CLANG_WARN_SUSPICIOUS_MOVE = YES;
				CLANG_WARN_UNGUARDED_AVAILABILITY = YES_AGGRESSIVE;
				CLANG_WARN_UNREACHABLE_CODE = YES;
				CLANG_WARN__DUPLICATE_METHOD_MATCH = YES;
				COPY_PHASE_STRIP = NO;
				DEBUG_INFORMATION_FORMAT = dwarf;
				ENABLE_STRICT_OBJC_MSGSEND = YES;
				ENABLE_TESTABILITY = YES;
				GCC_C_LANGUAGE_STANDARD = gnu11;
				GCC_DYNAMIC_NO_PIC = NO;
				GCC_NO_COMMON_BLOCKS = YES;
				GCC_OPTIMIZATION_LEVEL = 0;
				GCC_PREPROCESSOR_DEFINITIONS = (
					"DEBUG=1",
					"$(inherited)",
				);
				GCC_WARN_64_TO_32_BIT_CONVERSION = YES;
				GCC_WARN_ABOUT_RETURN_TYPE = YES_ERROR;
				GCC_WARN_UNDECLARED_SELECTOR = YES;
				GCC_WARN_UNINITIALIZED_AUTOS = YES_AGGRESSIVE;
				GCC_WARN_UNUSED_FUNCTION = YES;
				GCC_WARN_UNUSED_VARIABLE = YES;
				IPHONEOS_DEPLOYMENT_TARGET = 15.5;
				MTL_ENABLE_DEBUG_INFO = INCLUDE_SOURCE;
				MTL_FAST_MATH = YES;
				ONLY_ACTIVE_ARCH = YES;
				SDKROOT = iphoneos;
				SWIFT_ACTIVE_COMPILATION_CONDITIONS = DEBUG;
				SWIFT_OPTIMIZATION_LEVEL = "-Onone";
			};
			name = Debug;
		};
		6D40B12828963EEC00ABD92A /* Release */ = {
			isa = XCBuildConfiguration;
			buildSettings = {
				ALWAYS_SEARCH_USER_PATHS = NO;
				CLANG_ANALYZER_NONNULL = YES;
				CLANG_ANALYZER_NUMBER_OBJECT_CONVERSION = YES_AGGRESSIVE;
				CLANG_CXX_LANGUAGE_STANDARD = "gnu++17";
				CLANG_ENABLE_MODULES = YES;
				CLANG_ENABLE_OBJC_ARC = YES;
				CLANG_ENABLE_OBJC_WEAK = YES;
				CLANG_WARN_BLOCK_CAPTURE_AUTORELEASING = YES;
				CLANG_WARN_BOOL_CONVERSION = YES;
				CLANG_WARN_COMMA = YES;
				CLANG_WARN_CONSTANT_CONVERSION = YES;
				CLANG_WARN_DEPRECATED_OBJC_IMPLEMENTATIONS = YES;
				CLANG_WARN_DIRECT_OBJC_ISA_USAGE = YES_ERROR;
				CLANG_WARN_DOCUMENTATION_COMMENTS = YES;
				CLANG_WARN_EMPTY_BODY = YES;
				CLANG_WARN_ENUM_CONVERSION = YES;
				CLANG_WARN_INFINITE_RECURSION = YES;
				CLANG_WARN_INT_CONVERSION = YES;
				CLANG_WARN_NON_LITERAL_NULL_CONVERSION = YES;
				CLANG_WARN_OBJC_IMPLICIT_RETAIN_SELF = YES;
				CLANG_WARN_OBJC_LITERAL_CONVERSION = YES;
				CLANG_WARN_OBJC_ROOT_CLASS = YES_ERROR;
				CLANG_WARN_QUOTED_INCLUDE_IN_FRAMEWORK_HEADER = YES;
				CLANG_WARN_RANGE_LOOP_ANALYSIS = YES;
				CLANG_WARN_STRICT_PROTOTYPES = YES;
				CLANG_WARN_SUSPICIOUS_MOVE = YES;
				CLANG_WARN_UNGUARDED_AVAILABILITY = YES_AGGRESSIVE;
				CLANG_WARN_UNREACHABLE_CODE = YES;
				CLANG_WARN__DUPLICATE_METHOD_MATCH = YES;
				COPY_PHASE_STRIP = NO;
				DEBUG_INFORMATION_FORMAT = "dwarf-with-dsym";
				ENABLE_NS_ASSERTIONS = NO;
				ENABLE_STRICT_OBJC_MSGSEND = YES;
				GCC_C_LANGUAGE_STANDARD = gnu11;
				GCC_NO_COMMON_BLOCKS = YES;
				GCC_WARN_64_TO_32_BIT_CONVERSION = YES;
				GCC_WARN_ABOUT_RETURN_TYPE = YES_ERROR;
				GCC_WARN_UNDECLARED_SELECTOR = YES;
				GCC_WARN_UNINITIALIZED_AUTOS = YES_AGGRESSIVE;
				GCC_WARN_UNUSED_FUNCTION = YES;
				GCC_WARN_UNUSED_VARIABLE = YES;
				IPHONEOS_DEPLOYMENT_TARGET = 15.5;
				MTL_ENABLE_DEBUG_INFO = NO;
				MTL_FAST_MATH = YES;
				SDKROOT = iphoneos;
				SWIFT_COMPILATION_MODE = wholemodule;
				SWIFT_OPTIMIZATION_LEVEL = "-O";
				VALIDATE_PRODUCT = YES;
			};
			name = Release;
		};
		6D40B12A28963EEC00ABD92A /* Debug */ = {
			isa = XCBuildConfiguration;
			baseConfigurationReference = A323E5C3E7E90D5C4B9BD7FA /* Pods-GongSa.debug.xcconfig */;
			buildSettings = {
				ASSETCATALOG_COMPILER_APPICON_NAME = AppIcon;
				ASSETCATALOG_COMPILER_GLOBAL_ACCENT_COLOR_NAME = AccentColor;
				CODE_SIGN_STYLE = Automatic;
				CURRENT_PROJECT_VERSION = 1;
				DEVELOPMENT_TEAM = AP24V3QWP3;
				GENERATE_INFOPLIST_FILE = YES;
				INFOPLIST_FILE = GongSa/Info.plist;
				INFOPLIST_KEY_UIApplicationSupportsIndirectInputEvents = YES;
				INFOPLIST_KEY_UILaunchStoryboardName = LaunchScreen;
				INFOPLIST_KEY_UIMainStoryboardFile = Main;
				INFOPLIST_KEY_UISupportedInterfaceOrientations_iPad = "UIInterfaceOrientationPortrait UIInterfaceOrientationPortraitUpsideDown UIInterfaceOrientationLandscapeLeft UIInterfaceOrientationLandscapeRight";
				INFOPLIST_KEY_UISupportedInterfaceOrientations_iPhone = "UIInterfaceOrientationPortrait UIInterfaceOrientationLandscapeLeft UIInterfaceOrientationLandscapeRight";
				IPHONEOS_DEPLOYMENT_TARGET = 12.0;
				LD_RUNPATH_SEARCH_PATHS = (
					"$(inherited)",
					"@executable_path/Frameworks",
				);
				MARKETING_VERSION = 1.0;
				PRODUCT_BUNDLE_IDENTIFIER = com.GongSa;
				PRODUCT_NAME = "$(TARGET_NAME)";
				SWIFT_EMIT_LOC_STRINGS = YES;
				SWIFT_VERSION = 5.0;
				TARGETED_DEVICE_FAMILY = "1,2";
			};
			name = Debug;
		};
		6D40B12B28963EEC00ABD92A /* Release */ = {
			isa = XCBuildConfiguration;
			baseConfigurationReference = FED96C56EAED649AAB93A43C /* Pods-GongSa.release.xcconfig */;
			buildSettings = {
				ASSETCATALOG_COMPILER_APPICON_NAME = AppIcon;
				ASSETCATALOG_COMPILER_GLOBAL_ACCENT_COLOR_NAME = AccentColor;
				CODE_SIGN_STYLE = Automatic;
				CURRENT_PROJECT_VERSION = 1;
				DEVELOPMENT_TEAM = AP24V3QWP3;
				GENERATE_INFOPLIST_FILE = YES;
				INFOPLIST_FILE = GongSa/Info.plist;
				INFOPLIST_KEY_UIApplicationSupportsIndirectInputEvents = YES;
				INFOPLIST_KEY_UILaunchStoryboardName = LaunchScreen;
				INFOPLIST_KEY_UIMainStoryboardFile = Main;
				INFOPLIST_KEY_UISupportedInterfaceOrientations_iPad = "UIInterfaceOrientationPortrait UIInterfaceOrientationPortraitUpsideDown UIInterfaceOrientationLandscapeLeft UIInterfaceOrientationLandscapeRight";
				INFOPLIST_KEY_UISupportedInterfaceOrientations_iPhone = "UIInterfaceOrientationPortrait UIInterfaceOrientationLandscapeLeft UIInterfaceOrientationLandscapeRight";
				IPHONEOS_DEPLOYMENT_TARGET = 12.0;
				LD_RUNPATH_SEARCH_PATHS = (
					"$(inherited)",
					"@executable_path/Frameworks",
				);
				MARKETING_VERSION = 1.0;
				PRODUCT_BUNDLE_IDENTIFIER = com.GongSa;
				PRODUCT_NAME = "$(TARGET_NAME)";
				SWIFT_EMIT_LOC_STRINGS = YES;
				SWIFT_VERSION = 5.0;
				TARGETED_DEVICE_FAMILY = "1,2";
			};
			name = Release;
		};
/* End XCBuildConfiguration section */

/* Begin XCConfigurationList section */
		6D40B11028963EEB00ABD92A /* Build configuration list for PBXProject "GongSa" */ = {
			isa = XCConfigurationList;
			buildConfigurations = (
				6D40B12728963EEC00ABD92A /* Debug */,
				6D40B12828963EEC00ABD92A /* Release */,
			);
			defaultConfigurationIsVisible = 0;
			defaultConfigurationName = Release;
		};
		6D40B12928963EEC00ABD92A /* Build configuration list for PBXNativeTarget "GongSa" */ = {
			isa = XCConfigurationList;
			buildConfigurations = (
				6D40B12A28963EEC00ABD92A /* Debug */,
				6D40B12B28963EEC00ABD92A /* Release */,
			);
			defaultConfigurationIsVisible = 0;
			defaultConfigurationName = Release;
		};
/* End XCConfigurationList section */
	};
	rootObject = 6D40B10D28963EEB00ABD92A /* Project object */;
}
